
Microsoft Visual Studio Solution File, Format Version 12.00
# Visual Studio Version 16
VisualStudioVersion = 16.0.30330.147
MinimumVisualStudioVersion = 10.0.40219.1
Project("{FAE04EC0-301F-11D3-BF4B-00C04F79EFBC}") = "ConsoleTest1", "ConsoleTest1\ConsoleTest1.csproj", "{0294ADDB-A7FE-48E5-A5A3-0ABC7A83EE9D}"
EndProject
Global
	GlobalSection(SolutionConfigurationPlatforms) = preSolution
		Debug|Any CPU = Debug|Any CPU
		Release|Any CPU = Release|Any CPU
	EndGlobalSection
	GlobalSection(ProjectConfigurationPlatforms) = postSolution
		{0294ADDB-A7FE-48E5-A5A3-0ABC7A83EE9D}.Debug|Any CPU.ActiveCfg = Debug|Any CPU
		{0294ADDB-A7FE-48E5-A5A3-0ABC7A83EE9D}.Debug|Any CPU.Build.0 = Debug|Any CPU
		{0294ADDB-A7FE-48E5-A5A3-0ABC7A83EE9D}.Release|Any CPU.ActiveCfg = Release|Any CPU
		{0294ADDB-A7FE-48E5-A5A3-0ABC7A83EE9D}.Release|Any CPU.Build.0 = Release|Any CPU
	EndGlobalSection
	GlobalSection(SolutionProperties) = preSolution
		HideSolutionNode = FALSE
	EndGlobalSection
	GlobalSection(ExtensibilityGlobals) = postSolution
		SolutionGuid = {B095F8D1-A430-4BC8-ABA8-A12702A3FE90}
	EndGlobalSection
EndGlobal
